PODS:
  - Flutter (1.0.0)
  - flutter_telemetrydeck (0.0.1):
    - Flutter
    - TelemetryClient
  - integration_test (0.0.1):
    - Flutter
  - TelemetryClient (1.5.1)

DEPENDENCIES:
  - Flutter (from `Flutter`)
  - flutter_telemetrydeck (from `.symlinks/plugins/flutter_telemetrydeck/ios`)
  - integration_test (from `.symlinks/plugins/integration_test/ios`)

SPEC REPOS:
  trunk:
    - TelemetryClient

EXTERNAL SOURCES:
  Flutter:
    :path: Flutter
  flutter_telemetrydeck:
    :path: ".symlinks/plugins/flutter_telemetrydeck/ios"
  integration_test:
    :path: ".symlinks/plugins/integration_test/ios"

SPEC CHECKSUMS:
  Flutter: e0871f40cf51350855a761d2e70bf5af5b9b5de7
  flutter_telemetrydeck: ef211482f919edcd073272aaaa9b20fd7a1cef03
  integration_test: 13825b8a9334a850581300559b8839134b124670
  TelemetryClient: 89addc9bd25f865f1e2368b10aa7408beef2195e

PODFILE CHECKSUM: 7be2f5f74864d463a8ad433546ed1de7e0f29aef

COCOAPODS: 1.15.0
